<?xml version="1.0" encoding="utf-8"?>
<Project ToolsVersion="4.0" xmlns="http://schemas.microsoft.com/developer/msbuild/2003">
  <ItemGroup>
    <Filter Include="源文件">
      <UniqueIdentifier>{4FC737F1-C7A5-4376-A066-2A32D752A2FF}</UniqueIdentifier>
      <Extensions>cpp;c;cc;cxx;def;odl;idl;hpj;bat;asm;asmx</Extensions>
    </Filter>
    <Filter Include="头文件">
      <UniqueIdentifier>{93995380-89BD-4b04-88EB-625FBE52EBFB}</UniqueIdentifier>
      <Extensions>h;hh;hpp;hxx;hm;inl;inc;xsd</Extensions>
    </Filter>
    <Filter Include="资源文件">
      <UniqueIdentifier>{67DA6AB6-F800-4c08-8B7A-83BB121AAD01}</UniqueIdentifier>
      <Extensions>rc;ico;cur;bmp;dlg;rc2;rct;bin;rgs;gif;jpg;jpeg;jpe;resx;tiff;tif;png;wav;mfcribbon-ms</Extensions>
    </Filter>
  </ItemGroup>
  <ItemGroup>
    <ClInclude Include="Include\Image.h">
      <Filter>头文件</Filter>
    </ClInclude>
    <ClInclude Include="Include\Graphics.h">
      <Filter>头文件</Filter>
    </ClInclude>
    <ClInclude Include="Src\stb_image.h">
      <Filter>头文件</Filter>
    </ClInclude>
    <ClInclude Include="Src\stb_image_resize.h">
      <Filter>头文件</Filter>
    </ClInclude>
    <ClInclude Include="Src\stb_image_write.h">
      <Filter>头文件</Filter>
    </ClInclude>
    <ClInclude Include="Include\FontFace.h">
      <Filter>头文件</Filter>
    </ClInclude>
    <ClInclude Include="Src\GPUObject.h">
      <Filter>源文件</Filter>
    </ClInclude>
    <ClInclude Include="Include\GraphicsDefs.h">
      <Filter>头文件</Filter>
    </ClInclude>
    <ClInclude Include="Src\TextureMgr.h">
      <Filter>源文件</Filter>
    </ClInclude>
    <ClInclude Include="Include\GraphicDriver.h">
      <Filter>头文件</Filter>
    </ClInclude>
    <ClInclude Include="Include\ITextureMgr.h">
      <Filter>头文件</Filter>
    </ClInclude>
    <ClInclude Include="Include\ITexture.h">
      <Filter>头文件</Filter>
    </ClInclude>
    <ClInclude Include="Include\GraphicException.h">
      <Filter>头文件</Filter>
    </ClInclude>
    <ClInclude Include="Src\Texture2D.h">
      <Filter>源文件</Filter>
    </ClInclude>
    <ClInclude Include="Include\IImageMgr.h">
      <Filter>头文件</Filter>
    </ClInclude>
    <ClInclude Include="Src\ImageMgr.h">
      <Filter>头文件</Filter>
    </ClInclude>
    <ClInclude Include="Include\Material.h">
      <Filter>头文件</Filter>
    </ClInclude>
    <ClInclude Include="Include\ICubeTexture.h">
      <Filter>头文件</Filter>
    </ClInclude>
    <ClInclude Include="Src\CubeTexture.h">
      <Filter>源文件</Filter>
    </ClInclude>
    <ClInclude Include="Renderer.h">
      <Filter>头文件</Filter>
    </ClInclude>
    <ClInclude Include="Src\GLRenderSystem.h">
      <Filter>源文件</Filter>
    </ClInclude>
    <ClInclude Include="Src\VertexBuffer.h">
      <Filter>源文件</Filter>
    </ClInclude>
    <ClInclude Include="Include\IVertexBuffer.h">
      <Filter>头文件</Filter>
    </ClInclude>
    <ClInclude Include="Src\IndexBuffer.h">
      <Filter>源文件</Filter>
    </ClInclude>
    <ClInclude Include="Include\IIndexBuffer.h">
      <Filter>头文件</Filter>
    </ClInclude>
    <ClInclude Include="Src\RenderSurface.h">
      <Filter>源文件</Filter>
    </ClInclude>
    <ClInclude Include="Src\Viewport.h">
      <Filter>源文件</Filter>
    </ClInclude>
    <ClInclude Include="Include\IRenderSystem.h">
      <Filter>头文件</Filter>
    </ClInclude>
    <ClInclude Include="Include\IRenderSurface.h">
      <Filter>头文件</Filter>
    </ClInclude>
    <ClInclude Include="Include\IVewport.h">
      <Filter>头文件</Filter>
    </ClInclude>
    <ClInclude Include="Src\GLGraphicDriver.h">
      <Filter>源文件</Filter>
    </ClInclude>
    <ClInclude Include="Include\IGraphicDriver.h">
      <Filter>头文件</Filter>
    </ClInclude>
  </ItemGroup>
  <ItemGroup>
    <ClCompile Include="Src\Image.cpp">
      <Filter>源文件</Filter>
    </ClCompile>
    <ClCompile Include="Src\Font.cpp">
      <Filter>源文件</Filter>
    </ClCompile>
    <ClCompile Include="Src\GpuObject.cpp">
      <Filter>源文件</Filter>
    </ClCompile>
    <ClCompile Include="Src\TextureMgr.cpp">
      <Filter>源文件</Filter>
    </ClCompile>
    <ClCompile Include="Src\GraphicDriver.cpp">
      <Filter>源文件</Filter>
    </ClCompile>
    <ClCompile Include="Src\GraphicException.cpp">
      <Filter>源文件</Filter>
    </ClCompile>
    <ClCompile Include="Src\Texture2D.cpp">
      <Filter>源文件</Filter>
    </ClCompile>
    <ClCompile Include="Src\ImageMgr.cpp">
      <Filter>源文件</Filter>
    </ClCompile>
    <ClCompile Include="Src\CubeTexture.cpp">
      <Filter>源文件</Filter>
    </ClCompile>
    <ClCompile Include="Src\VertexBuffer.cpp">
      <Filter>源文件</Filter>
    </ClCompile>
    <ClCompile Include="Src\IndexBuffer.cpp">
      <Filter>源文件</Filter>
    </ClCompile>
    <ClCompile Include="Src\RenderSurface.cpp">
      <Filter>源文件</Filter>
    </ClCompile>
    <ClCompile Include="Src\GLRenderSystem.cpp">
      <Filter>源文件</Filter>
    </ClCompile>
    <ClCompile Include="Src\GLGraphicDriver.cpp">
      <Filter>源文件</Filter>
    </ClCompile>
  </ItemGroup>
</Project>