
Microsoft Visual Studio Solution File, Format Version 12.00
# Visual Studio 2013
VisualStudioVersion = 12.0.31101.0
MinimumVisualStudioVersion = 10.0.40219.1
Project("{8BC9CEB8-8B4A-11D0-8D11-00A0C91BC942}") = "Core", "Core\Core.vcxproj", "{24788D97-0E75-453E-A528-03EF9E9C6D55}"
EndProject
Project("{8BC9CEB8-8B4A-11D0-8D11-00A0C91BC942}") = "Graphics", "Graphics\Graphics.vcxproj", "{6297BAAA-3EAC-4AF3-9869-C3DC1BA37421}"
EndProject
Project("{8BC9CEB8-8B4A-11D0-8D11-00A0C91BC942}") = "TestClient", "TestClient\TestClient.vcxproj", "{828271DA-AF45-477E-92EE-E8351FC3894D}"
EndProject
Project("{8BC9CEB8-8B4A-11D0-8D11-00A0C91BC942}") = "TestClient2", "TestClient2\TestClient2.vcxproj", "{04E9CD96-6FCF-48BA-B9FF-F1E636F663FD}"
EndProject
Project("{8BC9CEB8-8B4A-11D0-8D11-00A0C91BC942}") = "TestEtc1", "TestEtc1\TestEtc1.vcxproj", "{1523AE02-0A83-45D3-9149-786E482D3FED}"
EndProject
Project("{8BC9CEB8-8B4A-11D0-8D11-00A0C91BC942}") = "TestMemAlloc", "TestMemAlloc\TestMemAlloc.vcxproj", "{6EFE2011-93BF-424B-82E7-2E2060B6E424}"
EndProject
Project("{8BC9CEB8-8B4A-11D0-8D11-00A0C91BC942}") = "TestClient3", "TestClient3\TestClient3.vcxproj", "{59DDA33D-40AB-4005-9811-F1AB73790907}"
EndProject
Project("{8BC9CEB8-8B4A-11D0-8D11-00A0C91BC942}") = "TestClient4", "TestClient4\TestClient4.vcxproj", "{4C284694-5A43-4166-9670-7DCC839D65A7}"
EndProject
Project("{8BC9CEB8-8B4A-11D0-8D11-00A0C91BC942}") = "TestJsonCpp", "TestJsonCpp\TestJsonCpp.vcxproj", "{F9FC6097-44AE-4B96-AA01-57F2463F6AFC}"
EndProject
Project("{2150E333-8FDC-42A3-9474-1A3956D46DE8}") = "Solution Items", "Solution Items", "{5F34963F-2EB4-4539-A0F1-7158587B4EA0}"
EndProject
Project("{8BC9CEB8-8B4A-11D0-8D11-00A0C91BC942}") = "TestClient5", "TestClient5\TestClient5.vcxproj", "{232C194E-4B21-4EA1-84C8-B039F9CE5DF1}"
EndProject
Project("{8BC9CEB8-8B4A-11D0-8D11-00A0C91BC942}") = "TestReadElf", "TestReadElf\TestReadElf.vcxproj", "{C246A2EC-F41A-4DA7-A5E2-D5E7EA2FB277}"
EndProject
Project("{8BC9CEB8-8B4A-11D0-8D11-00A0C91BC942}") = "TestResourceLoad", "TestResourceLoad\TestResourceLoad.vcxproj", "{FFD01B4A-C6C7-4E10-9767-00F0533B5B09}"
EndProject
Project("{8BC9CEB8-8B4A-11D0-8D11-00A0C91BC942}") = "TestXML", "TestXML\TestXML.vcxproj", "{DF1BDB85-CD8B-43AF-AAFC-4674135E335B}"
EndProject
Project("{8BC9CEB8-8B4A-11D0-8D11-00A0C91BC942}") = "Engine", "Engine\Engine.vcxproj", "{47CA9190-E74D-46CC-B7F7-75E578F879A8}"
EndProject
Project("{8BC9CEB8-8B4A-11D0-8D11-00A0C91BC942}") = "TestEngine01", "TestEngine01\TestEngine01.vcxproj", "{4B170E37-0FE6-4798-BA35-F375B9B44835}"
EndProject
Global
	GlobalSection(SolutionConfigurationPlatforms) = preSolution
		Debug|Win32 = Debug|Win32
		Release|Win32 = Release|Win32
	EndGlobalSection
	GlobalSection(ProjectConfigurationPlatforms) = postSolution
		{24788D97-0E75-453E-A528-03EF9E9C6D55}.Debug|Win32.ActiveCfg = Debug|Win32
		{24788D97-0E75-453E-A528-03EF9E9C6D55}.Debug|Win32.Build.0 = Debug|Win32
		{24788D97-0E75-453E-A528-03EF9E9C6D55}.Release|Win32.ActiveCfg = Release|Win32
		{24788D97-0E75-453E-A528-03EF9E9C6D55}.Release|Win32.Build.0 = Release|Win32
		{6297BAAA-3EAC-4AF3-9869-C3DC1BA37421}.Debug|Win32.ActiveCfg = Debug|Win32
		{6297BAAA-3EAC-4AF3-9869-C3DC1BA37421}.Debug|Win32.Build.0 = Debug|Win32
		{6297BAAA-3EAC-4AF3-9869-C3DC1BA37421}.Release|Win32.ActiveCfg = Release|Win32
		{6297BAAA-3EAC-4AF3-9869-C3DC1BA37421}.Release|Win32.Build.0 = Release|Win32
		{828271DA-AF45-477E-92EE-E8351FC3894D}.Debug|Win32.ActiveCfg = Debug|Win32
		{828271DA-AF45-477E-92EE-E8351FC3894D}.Debug|Win32.Build.0 = Debug|Win32
		{828271DA-AF45-477E-92EE-E8351FC3894D}.Release|Win32.ActiveCfg = Release|Win32
		{828271DA-AF45-477E-92EE-E8351FC3894D}.Release|Win32.Build.0 = Release|Win32
		{04E9CD96-6FCF-48BA-B9FF-F1E636F663FD}.Debug|Win32.ActiveCfg = Debug|Win32
		{04E9CD96-6FCF-48BA-B9FF-F1E636F663FD}.Debug|Win32.Build.0 = Debug|Win32
		{04E9CD96-6FCF-48BA-B9FF-F1E636F663FD}.Release|Win32.ActiveCfg = Release|Win32
		{04E9CD96-6FCF-48BA-B9FF-F1E636F663FD}.Release|Win32.Build.0 = Release|Win32
		{1523AE02-0A83-45D3-9149-786E482D3FED}.Debug|Win32.ActiveCfg = Debug|Win32
		{1523AE02-0A83-45D3-9149-786E482D3FED}.Debug|Win32.Build.0 = Debug|Win32
		{1523AE02-0A83-45D3-9149-786E482D3FED}.Release|Win32.ActiveCfg = Release|Win32
		{1523AE02-0A83-45D3-9149-786E482D3FED}.Release|Win32.Build.0 = Release|Win32
		{6EFE2011-93BF-424B-82E7-2E2060B6E424}.Debug|Win32.ActiveCfg = Debug|Win32
		{6EFE2011-93BF-424B-82E7-2E2060B6E424}.Debug|Win32.Build.0 = Debug|Win32
		{6EFE2011-93BF-424B-82E7-2E2060B6E424}.Release|Win32.ActiveCfg = Release|Win32
		{6EFE2011-93BF-424B-82E7-2E2060B6E424}.Release|Win32.Build.0 = Release|Win32
		{59DDA33D-40AB-4005-9811-F1AB73790907}.Debug|Win32.ActiveCfg = Debug|Win32
		{59DDA33D-40AB-4005-9811-F1AB73790907}.Debug|Win32.Build.0 = Debug|Win32
		{59DDA33D-40AB-4005-9811-F1AB73790907}.Release|Win32.ActiveCfg = Release|Win32
		{59DDA33D-40AB-4005-9811-F1AB73790907}.Release|Win32.Build.0 = Release|Win32
		{4C284694-5A43-4166-9670-7DCC839D65A7}.Debug|Win32.ActiveCfg = Debug|Win32
		{4C284694-5A43-4166-9670-7DCC839D65A7}.Debug|Win32.Build.0 = Debug|Win32
		{4C284694-5A43-4166-9670-7DCC839D65A7}.Release|Win32.ActiveCfg = Release|Win32
		{4C284694-5A43-4166-9670-7DCC839D65A7}.Release|Win32.Build.0 = Release|Win32
		{F9FC6097-44AE-4B96-AA01-57F2463F6AFC}.Debug|Win32.ActiveCfg = Debug|Win32
		{F9FC6097-44AE-4B96-AA01-57F2463F6AFC}.Debug|Win32.Build.0 = Debug|Win32
		{F9FC6097-44AE-4B96-AA01-57F2463F6AFC}.Release|Win32.ActiveCfg = Release|Win32
		{F9FC6097-44AE-4B96-AA01-57F2463F6AFC}.Release|Win32.Build.0 = Release|Win32
		{232C194E-4B21-4EA1-84C8-B039F9CE5DF1}.Debug|Win32.ActiveCfg = Debug|Win32
		{232C194E-4B21-4EA1-84C8-B039F9CE5DF1}.Debug|Win32.Build.0 = Debug|Win32
		{232C194E-4B21-4EA1-84C8-B039F9CE5DF1}.Release|Win32.ActiveCfg = Release|Win32
		{232C194E-4B21-4EA1-84C8-B039F9CE5DF1}.Release|Win32.Build.0 = Release|Win32
		{C246A2EC-F41A-4DA7-A5E2-D5E7EA2FB277}.Debug|Win32.ActiveCfg = Debug|Win32
		{C246A2EC-F41A-4DA7-A5E2-D5E7EA2FB277}.Debug|Win32.Build.0 = Debug|Win32
		{C246A2EC-F41A-4DA7-A5E2-D5E7EA2FB277}.Release|Win32.ActiveCfg = Release|Win32
		{C246A2EC-F41A-4DA7-A5E2-D5E7EA2FB277}.Release|Win32.Build.0 = Release|Win32
		{FFD01B4A-C6C7-4E10-9767-00F0533B5B09}.Debug|Win32.ActiveCfg = Debug|Win32
		{FFD01B4A-C6C7-4E10-9767-00F0533B5B09}.Debug|Win32.Build.0 = Debug|Win32
		{FFD01B4A-C6C7-4E10-9767-00F0533B5B09}.Release|Win32.ActiveCfg = Release|Win32
		{FFD01B4A-C6C7-4E10-9767-00F0533B5B09}.Release|Win32.Build.0 = Release|Win32
		{DF1BDB85-CD8B-43AF-AAFC-4674135E335B}.Debug|Win32.ActiveCfg = Debug|Win32
		{DF1BDB85-CD8B-43AF-AAFC-4674135E335B}.Debug|Win32.Build.0 = Debug|Win32
		{DF1BDB85-CD8B-43AF-AAFC-4674135E335B}.Release|Win32.ActiveCfg = Release|Win32
		{DF1BDB85-CD8B-43AF-AAFC-4674135E335B}.Release|Win32.Build.0 = Release|Win32
		{47CA9190-E74D-46CC-B7F7-75E578F879A8}.Debug|Win32.ActiveCfg = Debug|Win32
		{47CA9190-E74D-46CC-B7F7-75E578F879A8}.Debug|Win32.Build.0 = Debug|Win32
		{47CA9190-E74D-46CC-B7F7-75E578F879A8}.Release|Win32.ActiveCfg = Release|Win32
		{47CA9190-E74D-46CC-B7F7-75E578F879A8}.Release|Win32.Build.0 = Release|Win32
		{4B170E37-0FE6-4798-BA35-F375B9B44835}.Debug|Win32.ActiveCfg = Debug|Win32
		{4B170E37-0FE6-4798-BA35-F375B9B44835}.Debug|Win32.Build.0 = Debug|Win32
		{4B170E37-0FE6-4798-BA35-F375B9B44835}.Release|Win32.ActiveCfg = Release|Win32
		{4B170E37-0FE6-4798-BA35-F375B9B44835}.Release|Win32.Build.0 = Release|Win32
	EndGlobalSection
	GlobalSection(SolutionProperties) = preSolution
		HideSolutionNode = FALSE
	EndGlobalSection
EndGlobal
