<?xml version="1.0" encoding="utf-8"?>
<Project ToolsVersion="4.0" xmlns="http://schemas.microsoft.com/developer/msbuild/2003">
  <ItemGroup>
    <Filter Include="源文件">
      <UniqueIdentifier>{4FC737F1-C7A5-4376-A066-2A32D752A2FF}</UniqueIdentifier>
      <Extensions>cpp;c;cc;cxx;def;odl;idl;hpj;bat;asm;asmx</Extensions>
    </Filter>
    <Filter Include="头文件">
      <UniqueIdentifier>{93995380-89BD-4b04-88EB-625FBE52EBFB}</UniqueIdentifier>
      <Extensions>h;hh;hpp;hxx;hm;inl;inc;xsd</Extensions>
    </Filter>
    <Filter Include="资源文件">
      <UniqueIdentifier>{67DA6AB6-F800-4c08-8B7A-83BB121AAD01}</UniqueIdentifier>
      <Extensions>rc;ico;cur;bmp;dlg;rc2;rct;bin;rgs;gif;jpg;jpeg;jpe;resx;tiff;tif;png;wav;mfcribbon-ms</Extensions>
    </Filter>
    <Filter Include="头文件\Math">
      <UniqueIdentifier>{9d76b9d5-b19f-432e-b4bf-120f56aae47a}</UniqueIdentifier>
    </Filter>
    <Filter Include="源文件\Math">
      <UniqueIdentifier>{51e0c43f-f5e7-4617-bacf-f33dc2dde9a3}</UniqueIdentifier>
    </Filter>
  </ItemGroup>
  <ItemGroup>
    <ClInclude Include="Include\Sapphire.h">
      <Filter>头文件</Filter>
    </ClInclude>
    <ClInclude Include="Include\BaseException.h">
      <Filter>头文件</Filter>
    </ClInclude>
    <ClInclude Include="Include\charset.h">
      <Filter>头文件</Filter>
    </ClInclude>
    <ClInclude Include="Include\FileStream.h">
      <Filter>头文件</Filter>
    </ClInclude>
    <ClInclude Include="Include\handle.h">
      <Filter>头文件</Filter>
    </ClInclude>
    <ClInclude Include="Include\inifile.h">
      <Filter>头文件</Filter>
    </ClInclude>
    <ClInclude Include="Include\logUtil.h">
      <Filter>头文件</Filter>
    </ClInclude>
    <ClInclude Include="Include\mathHelper.h">
      <Filter>头文件</Filter>
    </ClInclude>
    <ClInclude Include="Include\md5.h">
      <Filter>头文件</Filter>
    </ClInclude>
    <ClInclude Include="Include\path.h">
      <Filter>头文件</Filter>
    </ClInclude>
    <ClInclude Include="Include\singleton.h">
      <Filter>头文件</Filter>
    </ClInclude>
    <ClInclude Include="Include\stringHelper.h">
      <Filter>头文件</Filter>
    </ClInclude>
    <ClInclude Include="Include\Core.h">
      <Filter>头文件</Filter>
    </ClInclude>
    <ClInclude Include="Include\FrameMem.h">
      <Filter>头文件</Filter>
    </ClInclude>
    <ClInclude Include="Include\BaseResource.h">
      <Filter>头文件</Filter>
    </ClInclude>
    <ClInclude Include="Include\RefCounter.h">
      <Filter>头文件</Filter>
    </ClInclude>
    <ClInclude Include="Include\Ptr.h">
      <Filter>头文件</Filter>
    </ClInclude>
    <ClInclude Include="Include\SapphireDef.h">
      <Filter>头文件</Filter>
    </ClInclude>
    <ClInclude Include="ArrayPtr.h">
      <Filter>头文件</Filter>
    </ClInclude>
    <ClInclude Include="Include\Thread.h">
      <Filter>头文件</Filter>
    </ClInclude>
    <ClInclude Include="Include\Mutex.h">
      <Filter>头文件</Filter>
    </ClInclude>
    <ClInclude Include="Include\MemoryMgr.h">
      <Filter>头文件</Filter>
    </ClInclude>
    <ClInclude Include="Include\Math\Vector2.h">
      <Filter>头文件\Math</Filter>
    </ClInclude>
    <ClInclude Include="Include\Math\Vector3.h">
      <Filter>头文件\Math</Filter>
    </ClInclude>
    <ClInclude Include="Include\Math\Vector4.h">
      <Filter>头文件\Math</Filter>
    </ClInclude>
    <ClInclude Include="Include\Math\Matrix3x3.h">
      <Filter>头文件\Math</Filter>
    </ClInclude>
    <ClInclude Include="Include\Math\Matrix3x4.h">
      <Filter>头文件\Math</Filter>
    </ClInclude>
    <ClInclude Include="Include\Math\Matrix4x4.h">
      <Filter>头文件\Math</Filter>
    </ClInclude>
    <ClInclude Include="Include\Math\Quaternion.h">
      <Filter>头文件\Math</Filter>
    </ClInclude>
    <ClInclude Include="Include\Color.h">
      <Filter>头文件</Filter>
    </ClInclude>
    <ClInclude Include="Include\MemoryStream.h">
      <Filter>头文件</Filter>
    </ClInclude>
    <ClInclude Include="Include\Variant.h">
      <Filter>头文件</Filter>
    </ClInclude>
    <ClInclude Include="Include\Str.h">
      <Filter>头文件</Filter>
    </ClInclude>
  </ItemGroup>
  <ItemGroup>
    <ClCompile Include="Src\Core.cpp">
      <Filter>源文件</Filter>
    </ClCompile>
    <ClCompile Include="Src\BaseException.cpp">
      <Filter>源文件</Filter>
    </ClCompile>
    <ClCompile Include="Src\charset.cpp">
      <Filter>源文件</Filter>
    </ClCompile>
    <ClCompile Include="Src\FileStream.cpp">
      <Filter>源文件</Filter>
    </ClCompile>
    <ClCompile Include="Src\inifile.cpp">
      <Filter>源文件</Filter>
    </ClCompile>
    <ClCompile Include="Src\logUtil.cpp">
      <Filter>源文件</Filter>
    </ClCompile>
    <ClCompile Include="Src\md5.cpp">
      <Filter>源文件</Filter>
    </ClCompile>
    <ClCompile Include="Src\path.cpp">
      <Filter>源文件</Filter>
    </ClCompile>
    <ClCompile Include="Src\FrameMem.cpp">
      <Filter>源文件</Filter>
    </ClCompile>
    <ClCompile Include="Src\BaseResource.cpp">
      <Filter>源文件</Filter>
    </ClCompile>
    <ClCompile Include="Src\RefCounter.cpp">
      <Filter>源文件</Filter>
    </ClCompile>
    <ClCompile Include="Src\stringHelper.cpp">
      <Filter>源文件</Filter>
    </ClCompile>
    <ClCompile Include="Src\Mutex.cpp">
      <Filter>源文件</Filter>
    </ClCompile>
    <ClCompile Include="Src\Thread.cpp">
      <Filter>源文件</Filter>
    </ClCompile>
    <ClCompile Include="Src\MemoryMgr.cpp">
      <Filter>源文件</Filter>
    </ClCompile>
    <ClCompile Include="Src\Math\Vector2.cpp">
      <Filter>源文件\Math</Filter>
    </ClCompile>
    <ClCompile Include="Src\Math\Vector3.cpp">
      <Filter>源文件\Math</Filter>
    </ClCompile>
    <ClCompile Include="Src\Math\Vector4.cpp">
      <Filter>源文件\Math</Filter>
    </ClCompile>
    <ClCompile Include="Src\Math\Matrix3x3.cpp">
      <Filter>源文件\Math</Filter>
    </ClCompile>
    <ClCompile Include="Src\Math\Matrix3x4.cpp">
      <Filter>源文件\Math</Filter>
    </ClCompile>
    <ClCompile Include="Src\Math\Quaternion.cpp">
      <Filter>源文件\Math</Filter>
    </ClCompile>
    <ClCompile Include="Src\Color.cpp">
      <Filter>源文件</Filter>
    </ClCompile>
    <ClCompile Include="Src\Math\Matrix4x4.cpp">
      <Filter>源文件\Math</Filter>
    </ClCompile>
    <ClCompile Include="Src\MemoryStream.cpp">
      <Filter>源文件</Filter>
    </ClCompile>
    <ClCompile Include="Src\Str.cpp">
      <Filter>源文件</Filter>
    </ClCompile>
    <ClCompile Include="Src\Variant.cpp">
      <Filter>源文件</Filter>
    </ClCompile>
  </ItemGroup>
</Project>